// !$*UTF8*$!
{
	archiveVersion = 1;
	classes = {
	};
	objectVersion = 60;
	objects = {

/* Begin PBXBuildFile section */
		787878787878787878787878 /* PromptdeckApp.swift in Sources */ = {isa = PBXBuildFile; fileRef = CCCCCCCCCCCCCCCCCCCCCCCC /* PromptdeckApp.swift */; };
		797979797979797979797979 /* ContentView.swift in Sources */ = {isa = PBXBuildFile; fileRef = DDDDDDDDDDDDDDDDDDDDDDDD /* ContentView.swift */; };
		717171717171717171717171 /* PromptEntry.swift in Sources */ = {isa = PBXBuildFile; fileRef = C1C1C1C1C1C1C1C1C1C1C1C1 /* PromptEntry.swift */; };
		727272727272727272727272 /* CommandEntry.swift in Sources */ = {isa = PBXBuildFile; fileRef = C2C2C2C2C2C2C2C2C2C2C2C2 /* CommandEntry.swift */; };
		E4E4E4E4E4E4E4E4E4E4E4E4 /* ExportService.swift in Sources */ = {isa = PBXBuildFile; fileRef = E3E3E3E3E3E3E3E3E3E3E3E3 /* ExportService.swift */; };
		E6E6E6E6E6E6E6E6E6E6E6E6 /* PromptdeckArchiveCodec.swift in Sources */ = {isa = PBXBuildFile; fileRef = E5E5E5E5E5E5E5E5E5E5E5E5 /* PromptdeckArchiveCodec.swift */; };
		7A7A7A7A7A7A7A7A7A7A7A7A /* Assets.xcassets in Resources */ = {isa = PBXBuildFile; fileRef = EEEEEEEEEEEEEEEEEEEEEEEE /* Assets.xcassets */; };
/* End PBXBuildFile section */

/* Begin PBXFileReference section */
		CCCCCCCCCCCCCCCCCCCCCCCC /* PromptdeckApp.swift */ = {isa = PBXFileReference; lastKnownFileType = sourcecode.swift; path = PromptdeckApp.swift; sourceTree = "<group>"; };
		DDDDDDDDDDDDDDDDDDDDDDDD /* ContentView.swift */ = {isa = PBXFileReference; lastKnownFileType = sourcecode.swift; path = ContentView.swift; sourceTree = "<group>"; };
		C1C1C1C1C1C1C1C1C1C1C1C1 /* PromptEntry.swift */ = {isa = PBXFileReference; lastKnownFileType = sourcecode.swift; path = PromptEntry.swift; sourceTree = "<group>"; };
		C2C2C2C2C2C2C2C2C2C2C2C2 /* CommandEntry.swift */ = {isa = PBXFileReference; lastKnownFileType = sourcecode.swift; path = CommandEntry.swift; sourceTree = "<group>"; };
		E3E3E3E3E3E3E3E3E3E3E3E3 /* ExportService.swift */ = {isa = PBXFileReference; lastKnownFileType = sourcecode.swift; path = ExportService.swift; sourceTree = "<group>"; };
		E5E5E5E5E5E5E5E5E5E5E5E5 /* PromptdeckArchiveCodec.swift */ = {isa = PBXFileReference; lastKnownFileType = sourcecode.swift; path = PromptdeckArchiveCodec.swift; sourceTree = "<group>"; };
		EEEEEEEEEEEEEEEEEEEEEEEE /* Assets.xcassets */ = {isa = PBXFileReference; lastKnownFileType = folder.assetcatalog; path = Assets.xcassets; sourceTree = "<group>"; };
		FFFFFFFFFFFFFFFFFFFFFFFF /* Promptdeck.app */ = {isa = PBXFileReference; explicitFileType = wrapper.application; includeInIndex = 0; path = Promptdeck.app; sourceTree = BUILT_PRODUCTS_DIR; };
/* End PBXFileReference section */

/* Begin PBXFrameworksBuildPhase section */
		565656565656565656565656 /* Frameworks */ = {
			isa = PBXFrameworksBuildPhase;
			buildActionMask = 2147483647;
			files = (
			);
			runOnlyForDeploymentPostprocessing = 0;
		};
/* End PBXFrameworksBuildPhase section */

/* Begin PBXGroup section */
		999999999999999999999999 /* main */ = {
			isa = PBXGroup;
			children = (
				BBBBBBBBBBBBBBBBBBBBBBBB /* Promptdeck */,
				AAAAAAAAAAAAAAAAAAAAAAAA /* Products */,
			);
			sourceTree = "<group>";
		};
		AAAAAAAAAAAAAAAAAAAAAAAA /* Products */ = {
			isa = PBXGroup;
			children = (
				FFFFFFFFFFFFFFFFFFFFFFFF /* Promptdeck.app */,
			);
			name = Products;
			sourceTree = "<group>";
		};
		BBBBBBBBBBBBBBBBBBBBBBBB /* Promptdeck */ = {
			isa = PBXGroup;
			children = (
				CCCCCCCCCCCCCCCCCCCCCCCC /* PromptdeckApp.swift */,
				DDDDDDDDDDDDDDDDDDDDDDDD /* ContentView.swift */,
				C1C1C1C1C1C1C1C1C1C1C1C1 /* PromptEntry.swift */,
				C2C2C2C2C2C2C2C2C2C2C2C2 /* CommandEntry.swift */,
				E3E3E3E3E3E3E3E3E3E3E3E3 /* ExportService.swift */,
				E5E5E5E5E5E5E5E5E5E5E5E5 /* PromptdeckArchiveCodec.swift */,
				EEEEEEEEEEEEEEEEEEEEEEEE /* Assets.xcassets */,
			);
			path = Promptdeck;
			sourceTree = "<group>";
		};
/* End PBXGroup section */

/* Begin PBXNativeTarget section */
		888888888888888888888888 /* Promptdeck */ = {
			isa = PBXNativeTarget;
			buildConfigurationList = 333333333333333333333333 /* Build configuration list for PBXNativeTarget "Promptdeck" */;
			buildPhases = (
				565656565656565656565656 /* Frameworks */,
				121212121212121212121212 /* Sources */,
				343434343434343434343434 /* Resources */,
			);
			buildRules = (
			);
			dependencies = (
			);
			name = Promptdeck;
			packageProductDependencies = (
			);
			productName = Promptdeck;
			productReference = FFFFFFFFFFFFFFFFFFFFFFFF /* Promptdeck.app */;
			productType = "com.apple.product-type.application";
		};
/* End PBXNativeTarget section */

/* Begin PBXProject section */
		111111111111111111111111 /* Project object */ = {
			isa = PBXProject;
			attributes = {
				BuildIndependentTargetsInParallel = 1;
				LastSwiftUpdateCheck = 2600;
				LastUpgradeCheck = 2600;
				TargetAttributes = {
					888888888888888888888888 = {
						CreatedOnToolsVersion = 26.6;
					};
				};
			};
			buildConfigurationList = 222222222222222222222222 /* Build configuration list for PBXProject "Promptdeck" */;
			compatibilityVersion = "Xcode 26.0";
			developmentRegion = en;
			hasScannedForEncodings = 0;
			knownRegions = (
				en,
				Base,
			);
			mainGroup = 999999999999999999999999 /* main */;
			productRefGroup = AAAAAAAAAAAAAAAAAAAAAAAA /* Products */;
			projectDirPath = "";
			projectRoot = "";
			targets = (
				888888888888888888888888 /* Promptdeck */,
			);
		};
/* End PBXProject section */

/* Begin PBXResourcesBuildPhase section */
		343434343434343434343434 /* Resources */ = {
			isa = PBXResourcesBuildPhase;
			buildActionMask = 2147483647;
			files = (
				7A7A7A7A7A7A7A7A7A7A7A7A /* Assets.xcassets in Resources */,
			);
			runOnlyForDeploymentPostprocessing = 0;
		};
/* End PBXResourcesBuildPhase section */

/* Begin PBXSourcesBuildPhase section */
		121212121212121212121212 /* Sources */ = {
			isa = PBXSourcesBuildPhase;
			buildActionMask = 2147483647;
			files = (
				797979797979797979797979 /* ContentView.swift in Sources */,
				787878787878787878787878 /* PromptdeckApp.swift in Sources */,
				717171717171717171717171 /* PromptEntry.swift in Sources */,
				727272727272727272727272 /* CommandEntry.swift in Sources */,
				E4E4E4E4E4E4E4E4E4E4E4E4 /* ExportService.swift in Sources */,
				E6E6E6E6E6E6E6E6E6E6E6E6 /* PromptdeckArchiveCodec.swift in Sources */,
			);
			runOnlyForDeploymentPostprocessing = 0;
		};
/* End PBXSourcesBuildPhase section */

/* Begin XCBuildConfiguration section */
		444444444444444444444444 /* Debug */ = {
			isa = XCBuildConfiguration;
			buildSettings = {
				ALWAYS_SEARCH_USER_PATHS = NO;
				CLANG_ANALYZER_NONNULL = YES;
				CLANG_ANALYZER_NUMBER_OBJECT_CONVERSION = YES_AGGRESSIVE;
				CLANG_CXX_LANGUAGE_STANDARD = "gnu++20";
				CLANG_ENABLE_MODULES = YES;
				CLANG_ENABLE_OBJC_ARC = YES;
				CLANG_WARN_DOCUMENTATION_COMMENTS = YES;
				CLANG_WARN_UNGUARDED_AVAILABILITY = YES_AGGRESSIVE;
				COPY_PHASE_STRIP = NO;
				DEBUG_INFORMATION_FORMAT = dwarf;
				ENABLE_STRICT_OBJC_MSGSEND = YES;
				GCC_C_LANGUAGE_STANDARD = gnu17;
				GCC_DYNAMIC_NO_PIC = NO;
				GCC_OPTIMIZATION_LEVEL = 0;
				GCC_PREPROCESSOR_DEFINITIONS = (
					"DEBUG=1",
					"$(inherited)",
				);
				MACOSX_DEPLOYMENT_TARGET = 26.0;
				MTL_ENABLE_DEBUG_INFO = INCLUDE_SOURCE;
				MTL_FAST_MATH = YES;
				ONLY_ACTIVE_ARCH = YES;
				SDKROOT = macosx;
				SWIFT_ACTIVE_COMPILATION_CONDITIONS = "DEBUG $(inherited)";
				SWIFT_OPTIMIZATION_LEVEL = "-Onone";
			};
			name = Debug;
		};
		555555555555555555555555 /* Release */ = {
			isa = XCBuildConfiguration;
			buildSettings = {
				ALWAYS_SEARCH_USER_PATHS = NO;
				CLANG_ANALYZER_NONNULL = YES;
				CLANG_ANALYZER_NUMBER_OBJECT_CONVERSION = YES_AGGRESSIVE;
				CLANG_CXX_LANGUAGE_STANDARD = "gnu++20";
				CLANG_ENABLE_MODULES = YES;
				CLANG_ENABLE_OBJC_ARC = YES;
				CLANG_WARN_DOCUMENTATION_COMMENTS = YES;
				CLANG_WARN_UNGUARDED_AVAILABILITY = YES_AGGRESSIVE;
				COPY_PHASE_STRIP = NO;
				DEBUG_INFORMATION_FORMAT = "dwarf-with-dsym";
				ENABLE_NS_ASSERTIONS = NO;
				ENABLE_STRICT_OBJC_MSGSEND = YES;
				GCC_C_LANGUAGE_STANDARD = gnu17;
				MTL_ENABLE_DEBUG_INFO = NO;
				MTL_FAST_MATH = YES;
				SDKROOT = macosx;
				SWIFT_COMPILATION_MODE = wholemodule;
			};
			name = Release;
		};
		666666666666666666666666 /* Debug */ = {
			isa = XCBuildConfiguration;
			buildSettings = {
				ASSETCATALOG_COMPILER_APPICON_NAME = AppIcon;
				ASSETCATALOG_COMPILER_GENERATE_SWIFT_ASSET_SYMBOL_EXTENSIONS = YES;
				CODE_SIGN_IDENTITY = "-";
				CODE_SIGN_STYLE = Automatic;
				COMBINE_HIDPI_IMAGES = YES;
				CURRENT_PROJECT_VERSION = 1;
				ENABLE_APP_SANDBOX = NO;
				ENABLE_HARDENED_RUNTIME = YES;
				GENERATE_INFOPLIST_FILE = YES;
				INFOPLIST_KEY_CFBundleDisplayName = Promptdeck;
				INFOPLIST_KEY_LSApplicationCategoryType = "public.app-category.productivity";
				INFOPLIST_KEY_NSPrincipalClass = NSApplication;
				MACOSX_DEPLOYMENT_TARGET = 26.0;
				MARKETING_VERSION = 1.0;
				PRODUCT_BUNDLE_IDENTIFIER = "com.mbuckingham.promptdeck";
				PRODUCT_NAME = "$(TARGET_NAME)";
				SWIFT_EMIT_LOC_STRINGS = YES;
				SWIFT_VERSION = 6.0;
			};
			name = Debug;
		};
		777777777777777777777777 /* Release */ = {
			isa = XCBuildConfiguration;
			buildSettings = {
				ASSETCATALOG_COMPILER_APPICON_NAME = AppIcon;
				ASSETCATALOG_COMPILER_GENERATE_SWIFT_ASSET_SYMBOL_EXTENSIONS = YES;
				CODE_SIGN_IDENTITY = "-";
				CODE_SIGN_STYLE = Automatic;
				COMBINE_HIDPI_IMAGES = YES;
				CURRENT_PROJECT_VERSION = 1;
				ENABLE_APP_SANDBOX = NO;
				ENABLE_HARDENED_RUNTIME = YES;
				GENERATE_INFOPLIST_FILE = YES;
				INFOPLIST_KEY_CFBundleDisplayName = Promptdeck;
				INFOPLIST_KEY_LSApplicationCategoryType = "public.app-category.productivity";
				INFOPLIST_KEY_NSPrincipalClass = NSApplication;
				MACOSX_DEPLOYMENT_TARGET = 26.0;
				MARKETING_VERSION = 1.0;
				PRODUCT_BUNDLE_IDENTIFIER = "com.mbuckingham.promptdeck";
				PRODUCT_NAME = "$(TARGET_NAME)";
				SWIFT_EMIT_LOC_STRINGS = YES;
				SWIFT_VERSION = 6.0;
			};
			name = Release;
		};
/* End XCBuildConfiguration section */

/* Begin XCConfigurationList section */
		222222222222222222222222 /* Build configuration list for PBXProject "Promptdeck" */ = {
			isa = XCConfigurationList;
			buildConfigurations = (
				444444444444444444444444 /* Debug */,
				555555555555555555555555 /* Release */,
			);
			defaultConfigurationIsVisible = 0;
			defaultConfigurationName = Debug;
		};
		333333333333333333333333 /* Build configuration list for PBXNativeTarget "Promptdeck" */ = {
			isa = XCConfigurationList;
			buildConfigurations = (
				666666666666666666666666 /* Debug */,
				777777777777777777777777 /* Release */,
			);
			defaultConfigurationIsVisible = 0;
			defaultConfigurationName = Debug;
		};
/* End XCConfigurationList section */

	};
	rootObject = 111111111111111111111111 /* Project object */;
}
